PODS:
  - Flutter (1.0.0)
  - flutter_twitter_login (0.0.1):
    - Flutter
    - TwitterCore
    - TwitterKit
  - TwitterCore (3.2.0)
  - TwitterKit (3.4.0):
    - TwitterCore (>= 3.1.0)

DEPENDENCIES:
  - Flutter (from `/Users/dan/flutter/bin/cache/artifacts/engine/ios-release`)
  - flutter_twitter_login (from `/Users/dan/Documents/flutter_twitter_login/ios`)
  - TwitterKit

SPEC REPOS:
  https://github.com/cocoapods/specs.git:
    - TwitterCore
    - TwitterKit

EXTERNAL SOURCES:
  Flutter:
    :path: "/Users/dan/flutter/bin/cache/artifacts/engine/ios-release"
  flutter_twitter_login:
    :path: "/Users/dan/Documents/flutter_twitter_login/ios"

SPEC CHECKSUMS:
  Flutter: 9d0fac939486c9aba2809b7982dfdbb47a7b0296
  flutter_twitter_login: 4e72731a8bac4c0fbde3abc95439566f93717d0b
  TwitterCore: 8cbc9ad34d91c63a0035ea05bfbfc0d7ca72a28c
  TwitterKit: bc7bd086b9b724a1d888745a054e1d0b1ecc4f3f

PODFILE CHECKSUM: 8c9fa2bb051d54d03245c4f331b1ba12f3b35252

COCOAPODS: 1.5.3
