PODS:
  - Flutter (1.0.0)
  - flutter_twitter_login (0.0.1):
    - Flutter
    - TwitterKit5
  - TwitterCore (3.2.0)
  - TwitterKit5 (5.1.0):
    - TwitterCore (>= 3.1.0)

DEPENDENCIES:
  - Flutter (from `/Users/etiennetheodore/Documents/software/flutter/bin/cache/artifacts/engine/ios`)
  - flutter_twitter_login (from `/Users/etiennetheodore/Documents/youfeel/packages/flutter_twitter_login/ios`)

SPEC REPOS:
  trunk:
    - TwitterCore
    - TwitterKit5

EXTERNAL SOURCES:
  Flutter:
    :path: "/Users/etiennetheodore/Documents/software/flutter/bin/cache/artifacts/engine/ios"
  flutter_twitter_login:
    :path: "/Users/etiennetheodore/Documents/youfeel/packages/flutter_twitter_login/ios"

SPEC CHECKSUMS:
  Flutter: 0e3d915762c693b495b44d77113d4970485de6ec
  flutter_twitter_login: 11fd27d4428c4c8ed5d692f5f5370036935bee62
  TwitterCore: 8cbc9ad34d91c63a0035ea05bfbfc0d7ca72a28c
  TwitterKit5: de28c7a3e022f18fd644e0bd61f9fca448991faa

PODFILE CHECKSUM: c6c865faff84807a5d35de69eb2cdbdc36b99e15

COCOAPODS: 1.9.0
